
Microsoft Visual Studio Solution File, Format Version 12.00
# Visual Studio Version 16
VisualStudioVersion = 16.0.30320.27
MinimumVisualStudioVersion = 10.0.40219.1
Project("{9A19103F-16F7-4668-BE54-9A1E7A4F7556}") = "MoodGrooveBlaze", "MoodGrooveBlaze\MoodGrooveBlaze.csproj", "{F6A6A7D7-24CE-48B4-B9E0-854112B16F0B}"
EndProject
Project("{9A19103F-16F7-4668-BE54-9A1E7A4F7556}") = "DataLibrary", "DataLibrary\DataLibrary.csproj", "{DF688696-16B5-4768-A252-C9CDA258C9BA}"
EndProject
Global
	GlobalSection(SolutionConfigurationPlatforms) = preSolution
		Debug|Any CPU = Debug|Any CPU
		Release|Any CPU = Release|Any CPU
	EndGlobalSection
	GlobalSection(ProjectConfigurationPlatforms) = postSolution
		{F6A6A7D7-24CE-48B4-B9E0-854112B16F0B}.Debug|Any CPU.ActiveCfg = Debug|Any CPU
		{F6A6A7D7-24CE-48B4-B9E0-854112B16F0B}.Debug|Any CPU.Build.0 = Debug|Any CPU
		{F6A6A7D7-24CE-48B4-B9E0-854112B16F0B}.Release|Any CPU.ActiveCfg = Release|Any CPU
		{F6A6A7D7-24CE-48B4-B9E0-854112B16F0B}.Release|Any CPU.Build.0 = Release|Any CPU
		{DF688696-16B5-4768-A252-C9CDA258C9BA}.Debug|Any CPU.ActiveCfg = Debug|Any CPU
		{DF688696-16B5-4768-A252-C9CDA258C9BA}.Debug|Any CPU.Build.0 = Debug|Any CPU
		{DF688696-16B5-4768-A252-C9CDA258C9BA}.Release|Any CPU.ActiveCfg = Release|Any CPU
		{DF688696-16B5-4768-A252-C9CDA258C9BA}.Release|Any CPU.Build.0 = Release|Any CPU
	EndGlobalSection
	GlobalSection(SolutionProperties) = preSolution
		HideSolutionNode = FALSE
	EndGlobalSection
	GlobalSection(ExtensibilityGlobals) = postSolution
		SolutionGuid = {FC1F24D3-13B8-4151-9C62-75AD21BD23CC}
	EndGlobalSection
EndGlobal
